
Microsoft Visual Studio Solution File, Format Version 12.00
# Visual Studio Version 17
VisualStudioVersion = 17.13.35828.75
MinimumVisualStudioVersion = 10.0.40219.1
Project("{FAE04EC0-301F-11D3-BF4B-00C04F79EFBC}") = "BookStore.Web", "BookStore.Web\BookStore.Web.csproj", "{A8E6D395-4229-434D-8994-B77DE5F6CEEF}"
EndProject
Project("{FAE04EC0-301F-11D3-BF4B-00C04F79EFBC}") = "uintofwork.core", "uintofwork.core\uintofwork.core.csproj", "{193FDC55-6FA5-4132-AD10-C70CF8353B99}"
EndProject
Project("{FAE04EC0-301F-11D3-BF4B-00C04F79EFBC}") = "DAL", "DAL\DAL.csproj", "{4B51877E-5898-4794-8AA5-EB817D600515}"
EndProject
Global
	GlobalSection(SolutionConfigurationPlatforms) = preSolution
		Debug|Any CPU = Debug|Any CPU
		Release|Any CPU = Release|Any CPU
	EndGlobalSection
	GlobalSection(ProjectConfigurationPlatforms) = postSolution
		{A8E6D395-4229-434D-8994-B77DE5F6CEEF}.Debug|Any CPU.ActiveCfg = Debug|Any CPU
		{A8E6D395-4229-434D-8994-B77DE5F6CEEF}.Debug|Any CPU.Build.0 = Debug|Any CPU
		{A8E6D395-4229-434D-8994-B77DE5F6CEEF}.Release|Any CPU.ActiveCfg = Release|Any CPU
		{A8E6D395-4229-434D-8994-B77DE5F6CEEF}.Release|Any CPU.Build.0 = Release|Any CPU
		{193FDC55-6FA5-4132-AD10-C70CF8353B99}.Debug|Any CPU.ActiveCfg = Debug|Any CPU
		{193FDC55-6FA5-4132-AD10-C70CF8353B99}.Debug|Any CPU.Build.0 = Debug|Any CPU
		{193FDC55-6FA5-4132-AD10-C70CF8353B99}.Release|Any CPU.ActiveCfg = Release|Any CPU
		{193FDC55-6FA5-4132-AD10-C70CF8353B99}.Release|Any CPU.Build.0 = Release|Any CPU
		{4B51877E-5898-4794-8AA5-EB817D600515}.Debug|Any CPU.ActiveCfg = Debug|Any CPU
		{4B51877E-5898-4794-8AA5-EB817D600515}.Debug|Any CPU.Build.0 = Debug|Any CPU
		{4B51877E-5898-4794-8AA5-EB817D600515}.Release|Any CPU.ActiveCfg = Release|Any CPU
		{4B51877E-5898-4794-8AA5-EB817D600515}.Release|Any CPU.Build.0 = Release|Any CPU
	EndGlobalSection
	GlobalSection(SolutionProperties) = preSolution
		HideSolutionNode = FALSE
	EndGlobalSection
	GlobalSection(ExtensibilityGlobals) = postSolution
		SolutionGuid = {07F8915F-0093-4AD2-8410-2BBDA8F54BAC}
	EndGlobalSection
EndGlobal
